
Microsoft Visual Studio Solution File, Format Version 12.00
# Visual Studio Version 17
VisualStudioVersion = 17.13.35931.197 d17.13
MinimumVisualStudioVersion = 10.0.40219.1
Project("{FAE04EC0-301F-11D3-BF4B-00C04F79EFBC}") = "Calculator", "Calculator\Calculator.csproj", "{DFD2BD19-3451-49B0-8A73-3445B92D35A2}"
EndProject
Project("{FAE04EC0-301F-11D3-BF4B-00C04F79EFBC}") = "CalculatorTests", "CalculatorTests\CalculatorTests.csproj", "{3C247646-205F-4BC7-896B-234C8881C01D}"
EndProject
Global
	GlobalSection(SolutionConfigurationPlatforms) = preSolution
		Debug|Any CPU = Debug|Any CPU
		Release|Any CPU = Release|Any CPU
	EndGlobalSection
	GlobalSection(ProjectConfigurationPlatforms) = postSolution
		{DFD2BD19-3451-49B0-8A73-3445B92D35A2}.Debug|Any CPU.ActiveCfg = Debug|Any CPU
		{DFD2BD19-3451-49B0-8A73-3445B92D35A2}.Debug|Any CPU.Build.0 = Debug|Any CPU
		{DFD2BD19-3451-49B0-8A73-3445B92D35A2}.Release|Any CPU.ActiveCfg = Release|Any CPU
		{DFD2BD19-3451-49B0-8A73-3445B92D35A2}.Release|Any CPU.Build.0 = Release|Any CPU
		{3C247646-205F-4BC7-896B-234C8881C01D}.Debug|Any CPU.ActiveCfg = Debug|Any CPU
		{3C247646-205F-4BC7-896B-234C8881C01D}.Debug|Any CPU.Build.0 = Debug|Any CPU
		{3C247646-205F-4BC7-896B-234C8881C01D}.Release|Any CPU.ActiveCfg = Release|Any CPU
		{3C247646-205F-4BC7-896B-234C8881C01D}.Release|Any CPU.Build.0 = Release|Any CPU
	EndGlobalSection
	GlobalSection(SolutionProperties) = preSolution
		HideSolutionNode = FALSE
	EndGlobalSection
	GlobalSection(ExtensibilityGlobals) = postSolution
		SolutionGuid = {2BFC2A70-4B4E-4799-9C91-2BE575D8C29F}
	EndGlobalSection
EndGlobal
